github.com/valr/go-std v1.0.0 h1:j3uyv7k24gZB1OmirOHLePNSm57EUO0CvYB+fZndoHo=
github.com/valr/go-std v1.0.0/go.mod h1:ful3Z41Q3U6yyMdah9vd+SlYRxS1vV/VH3OF/E0NjbM=
github.com/valr/go-std v1.0.1 h1:cSyNxEFvGCD0b0+mnnSfCCCVcHK1+JNK2aRj/vM4TiU=
github.com/valr/go-std v1.0.1/go.mod h1:ful3Z41Q3U6yyMdah9vd+SlYRxS1vV/VH3OF/E0NjbM=
